
Microsoft Visual Studio Solution File, Format Version 12.00
# Visual Studio Version 17
VisualStudioVersion = 17.4.33213.308
MinimumVisualStudioVersion = 10.0.40219.1
Project("{FAE04EC0-301F-11D3-BF4B-00C04F79EFBC}") = "MyChatRoom", "MyChatRoom\MyChatRoom.csproj", "{14534FC9-3CFD-43FB-B21B-2069A474B1C1}"
EndProject
Global
	GlobalSection(SolutionConfigurationPlatforms) = preSolution
		Debug|Any CPU = Debug|Any CPU
		Release|Any CPU = Release|Any CPU
	EndGlobalSection
	GlobalSection(ProjectConfigurationPlatforms) = postSolution
		{14534FC9-3CFD-43FB-B21B-2069A474B1C1}.Debug|Any CPU.ActiveCfg = Debug|Any CPU
		{14534FC9-3CFD-43FB-B21B-2069A474B1C1}.Debug|Any CPU.Build.0 = Debug|Any CPU
		{14534FC9-3CFD-43FB-B21B-2069A474B1C1}.Release|Any CPU.ActiveCfg = Release|Any CPU
		{14534FC9-3CFD-43FB-B21B-2069A474B1C1}.Release|Any CPU.Build.0 = Release|Any CPU
	EndGlobalSection
	GlobalSection(SolutionProperties) = preSolution
		HideSolutionNode = FALSE
	EndGlobalSection
	GlobalSection(ExtensibilityGlobals) = postSolution
		SolutionGuid = {51EFFB3F-9F75-433A-83E9-5CB2B90566C3}
	EndGlobalSection
EndGlobal
